
Microsoft Visual Studio Solution File, Format Version 12.00
# Visual Studio Version 17
VisualStudioVersion = 17.3.32922.545
MinimumVisualStudioVersion = 10.0.40219.1
Project("{9A19103F-16F7-4668-BE54-9A1E7A4F7556}") = "Dungeon", "Dungeon\Dungeon.csproj", "{3C7F41BA-E948-4119-8F68-E40B2DB53EF9}"
EndProject
Project("{FAE04EC0-301F-11D3-BF4B-00C04F79EFBC}") = "DungeonLibrary", "DungeonLibrary\DungeonLibrary.csproj", "{2F5D9EA5-B9F3-4906-8EC3-4E7192B71E97}"
EndProject
Global
	GlobalSection(SolutionConfigurationPlatforms) = preSolution
		Debug|Any CPU = Debug|Any CPU
		Release|Any CPU = Release|Any CPU
	EndGlobalSection
	GlobalSection(ProjectConfigurationPlatforms) = postSolution
		{3C7F41BA-E948-4119-8F68-E40B2DB53EF9}.Debug|Any CPU.ActiveCfg = Debug|Any CPU
		{3C7F41BA-E948-4119-8F68-E40B2DB53EF9}.Debug|Any CPU.Build.0 = Debug|Any CPU
		{3C7F41BA-E948-4119-8F68-E40B2DB53EF9}.Release|Any CPU.ActiveCfg = Release|Any CPU
		{3C7F41BA-E948-4119-8F68-E40B2DB53EF9}.Release|Any CPU.Build.0 = Release|Any CPU
		{2F5D9EA5-B9F3-4906-8EC3-4E7192B71E97}.Debug|Any CPU.ActiveCfg = Debug|Any CPU
		{2F5D9EA5-B9F3-4906-8EC3-4E7192B71E97}.Debug|Any CPU.Build.0 = Debug|Any CPU
		{2F5D9EA5-B9F3-4906-8EC3-4E7192B71E97}.Release|Any CPU.ActiveCfg = Release|Any CPU
		{2F5D9EA5-B9F3-4906-8EC3-4E7192B71E97}.Release|Any CPU.Build.0 = Release|Any CPU
	EndGlobalSection
	GlobalSection(SolutionProperties) = preSolution
		HideSolutionNode = FALSE
	EndGlobalSection
	GlobalSection(ExtensibilityGlobals) = postSolution
		SolutionGuid = {8A17AA9E-A1C9-44BF-AF2D-38E7B4808A7F}
	EndGlobalSection
EndGlobal
